
Microsoft Visual Studio Solution File, Format Version 12.00
# Visual Studio Version 16
VisualStudioVersion = 16.0.30907.101
MinimumVisualStudioVersion = 10.0.40219.1
Project("{9A19103F-16F7-4668-BE54-9A1E7A4F7556}") = "Fengj", "Fengj.csproj", "{9FEEBC5F-AE3E-4116-B28E-61AB6619D843}"
EndProject
Project("{FAE04EC0-301F-11D3-BF4B-00C04F79EFBC}") = "API", "..\API\API.csproj", "{B82B49B2-140F-45CA-B9E8-953F2D284470}"
EndProject
Project("{FAE04EC0-301F-11D3-BF4B-00C04F79EFBC}") = "Modder", "..\Mod\Modder.csproj", "{B5E245EC-B317-45F5-BA01-C06C0A5F4666}"
EndProject
Project("{FAE04EC0-301F-11D3-BF4B-00C04F79EFBC}") = "Facade", "..\Facade\Facade.csproj", "{C5A94CFA-2A90-416A-8FFD-8056A20C6ACA}"
EndProject
Project("{FAE04EC0-301F-11D3-BF4B-00C04F79EFBC}") = "XUnitTest", "..\XUnitTest\XUnitTest.csproj", "{BDA223BA-6D6E-4A0F-ACEC-DEED391AD1AE}"
EndProject
Project("{FAE04EC0-301F-11D3-BF4B-00C04F79EFBC}") = "Map", "..\Map\Map.csproj", "{72726818-513C-4D6B-8187-1A6A62732A1D}"
EndProject
Global
	GlobalSection(SolutionConfigurationPlatforms) = preSolution
		Debug|Any CPU = Debug|Any CPU
		ExportDebug|Any CPU = ExportDebug|Any CPU
		ExportRelease|Any CPU = ExportRelease|Any CPU
		Release|Any CPU = Release|Any CPU
	EndGlobalSection
	GlobalSection(ProjectConfigurationPlatforms) = postSolution
		{9FEEBC5F-AE3E-4116-B28E-61AB6619D843}.Debug|Any CPU.ActiveCfg = Debug|Any CPU
		{9FEEBC5F-AE3E-4116-B28E-61AB6619D843}.Debug|Any CPU.Build.0 = Debug|Any CPU
		{9FEEBC5F-AE3E-4116-B28E-61AB6619D843}.ExportDebug|Any CPU.ActiveCfg = ExportDebug|Any CPU
		{9FEEBC5F-AE3E-4116-B28E-61AB6619D843}.ExportDebug|Any CPU.Build.0 = ExportDebug|Any CPU
		{9FEEBC5F-AE3E-4116-B28E-61AB6619D843}.ExportRelease|Any CPU.ActiveCfg = ExportRelease|Any CPU
		{9FEEBC5F-AE3E-4116-B28E-61AB6619D843}.ExportRelease|Any CPU.Build.0 = ExportRelease|Any CPU
		{9FEEBC5F-AE3E-4116-B28E-61AB6619D843}.Release|Any CPU.ActiveCfg = ExportRelease|Any CPU
		{9FEEBC5F-AE3E-4116-B28E-61AB6619D843}.Release|Any CPU.Build.0 = ExportRelease|Any CPU
		{B82B49B2-140F-45CA-B9E8-953F2D284470}.Debug|Any CPU.ActiveCfg = Debug|Any CPU
		{B82B49B2-140F-45CA-B9E8-953F2D284470}.Debug|Any CPU.Build.0 = Debug|Any CPU
		{B82B49B2-140F-45CA-B9E8-953F2D284470}.ExportDebug|Any CPU.ActiveCfg = Debug|Any CPU
		{B82B49B2-140F-45CA-B9E8-953F2D284470}.ExportDebug|Any CPU.Build.0 = Debug|Any CPU
		{B82B49B2-140F-45CA-B9E8-953F2D284470}.ExportRelease|Any CPU.ActiveCfg = Release|Any CPU
		{B82B49B2-140F-45CA-B9E8-953F2D284470}.ExportRelease|Any CPU.Build.0 = Release|Any CPU
		{B82B49B2-140F-45CA-B9E8-953F2D284470}.Release|Any CPU.ActiveCfg = Release|Any CPU
		{B82B49B2-140F-45CA-B9E8-953F2D284470}.Release|Any CPU.Build.0 = Release|Any CPU
		{B5E245EC-B317-45F5-BA01-C06C0A5F4666}.Debug|Any CPU.ActiveCfg = Debug|Any CPU
		{B5E245EC-B317-45F5-BA01-C06C0A5F4666}.Debug|Any CPU.Build.0 = Debug|Any CPU
		{B5E245EC-B317-45F5-BA01-C06C0A5F4666}.ExportDebug|Any CPU.ActiveCfg = Debug|Any CPU
		{B5E245EC-B317-45F5-BA01-C06C0A5F4666}.ExportDebug|Any CPU.Build.0 = Debug|Any CPU
		{B5E245EC-B317-45F5-BA01-C06C0A5F4666}.ExportRelease|Any CPU.ActiveCfg = Release|Any CPU
		{B5E245EC-B317-45F5-BA01-C06C0A5F4666}.ExportRelease|Any CPU.Build.0 = Release|Any CPU
		{B5E245EC-B317-45F5-BA01-C06C0A5F4666}.Release|Any CPU.ActiveCfg = Release|Any CPU
		{B5E245EC-B317-45F5-BA01-C06C0A5F4666}.Release|Any CPU.Build.0 = Release|Any CPU
		{C5A94CFA-2A90-416A-8FFD-8056A20C6ACA}.Debug|Any CPU.ActiveCfg = Debug|Any CPU
		{C5A94CFA-2A90-416A-8FFD-8056A20C6ACA}.Debug|Any CPU.Build.0 = Debug|Any CPU
		{C5A94CFA-2A90-416A-8FFD-8056A20C6ACA}.ExportDebug|Any CPU.ActiveCfg = Debug|Any CPU
		{C5A94CFA-2A90-416A-8FFD-8056A20C6ACA}.ExportDebug|Any CPU.Build.0 = Debug|Any CPU
		{C5A94CFA-2A90-416A-8FFD-8056A20C6ACA}.ExportRelease|Any CPU.ActiveCfg = Release|Any CPU
		{C5A94CFA-2A90-416A-8FFD-8056A20C6ACA}.ExportRelease|Any CPU.Build.0 = Release|Any CPU
		{C5A94CFA-2A90-416A-8FFD-8056A20C6ACA}.Release|Any CPU.ActiveCfg = Release|Any CPU
		{C5A94CFA-2A90-416A-8FFD-8056A20C6ACA}.Release|Any CPU.Build.0 = Release|Any CPU
		{BDA223BA-6D6E-4A0F-ACEC-DEED391AD1AE}.Debug|Any CPU.ActiveCfg = Debug|Any CPU
		{BDA223BA-6D6E-4A0F-ACEC-DEED391AD1AE}.Debug|Any CPU.Build.0 = Debug|Any CPU
		{BDA223BA-6D6E-4A0F-ACEC-DEED391AD1AE}.ExportDebug|Any CPU.ActiveCfg = Debug|Any CPU
		{BDA223BA-6D6E-4A0F-ACEC-DEED391AD1AE}.ExportDebug|Any CPU.Build.0 = Debug|Any CPU
		{BDA223BA-6D6E-4A0F-ACEC-DEED391AD1AE}.ExportRelease|Any CPU.ActiveCfg = Release|Any CPU
		{BDA223BA-6D6E-4A0F-ACEC-DEED391AD1AE}.ExportRelease|Any CPU.Build.0 = Release|Any CPU
		{BDA223BA-6D6E-4A0F-ACEC-DEED391AD1AE}.Release|Any CPU.ActiveCfg = Release|Any CPU
		{BDA223BA-6D6E-4A0F-ACEC-DEED391AD1AE}.Release|Any CPU.Build.0 = Release|Any CPU
		{72726818-513C-4D6B-8187-1A6A62732A1D}.Debug|Any CPU.ActiveCfg = Debug|Any CPU
		{72726818-513C-4D6B-8187-1A6A62732A1D}.Debug|Any CPU.Build.0 = Debug|Any CPU
		{72726818-513C-4D6B-8187-1A6A62732A1D}.ExportDebug|Any CPU.ActiveCfg = Debug|Any CPU
		{72726818-513C-4D6B-8187-1A6A62732A1D}.ExportDebug|Any CPU.Build.0 = Debug|Any CPU
		{72726818-513C-4D6B-8187-1A6A62732A1D}.ExportRelease|Any CPU.ActiveCfg = Release|Any CPU
		{72726818-513C-4D6B-8187-1A6A62732A1D}.ExportRelease|Any CPU.Build.0 = Release|Any CPU
		{72726818-513C-4D6B-8187-1A6A62732A1D}.Release|Any CPU.ActiveCfg = Release|Any CPU
		{72726818-513C-4D6B-8187-1A6A62732A1D}.Release|Any CPU.Build.0 = Release|Any CPU
	EndGlobalSection
	GlobalSection(SolutionProperties) = preSolution
		HideSolutionNode = FALSE
	EndGlobalSection
	GlobalSection(ExtensibilityGlobals) = postSolution
		SolutionGuid = {C61D9DCA-B669-4C5C-B829-0FCD1877A011}
	EndGlobalSection
EndGlobal
